
Microsoft Visual Studio Solution File, Format Version 12.00
# Visual Studio 15
VisualStudioVersion = 15.0.26730.12
MinimumVisualStudioVersion = 10.0.40219.1
Project("{FAE04EC0-301F-11D3-BF4B-00C04F79EFBC}") = "VienShops", "VienShops\VienShops.csproj", "{92EDBACA-6B42-4FEF-AC12-8BAB9E84FC40}"
EndProject
Global
	GlobalSection(SolutionConfigurationPlatforms) = preSolution
		Debug|Any CPU = Debug|Any CPU
		Release|Any CPU = Release|Any CPU
	EndGlobalSection
	GlobalSection(ProjectConfigurationPlatforms) = postSolution
		{92EDBACA-6B42-4FEF-AC12-8BAB9E84FC40}.Debug|Any CPU.ActiveCfg = Debug|Any CPU
		{92EDBACA-6B42-4FEF-AC12-8BAB9E84FC40}.Debug|Any CPU.Build.0 = Debug|Any CPU
		{92EDBACA-6B42-4FEF-AC12-8BAB9E84FC40}.Release|Any CPU.ActiveCfg = Release|Any CPU
		{92EDBACA-6B42-4FEF-AC12-8BAB9E84FC40}.Release|Any CPU.Build.0 = Release|Any CPU
	EndGlobalSection
	GlobalSection(SolutionProperties) = preSolution
		HideSolutionNode = FALSE
	EndGlobalSection
	GlobalSection(ExtensibilityGlobals) = postSolution
		SolutionGuid = {764E7721-98A5-43B4-ADF4-0C8BDDD46C67}
	EndGlobalSection
EndGlobal
